Microsoft Visual Studio Solution File, Format Version 12.00
# Visual Studio Version 17
VisualStudioVersion = 17.5.2.0
MinimumVisualStudioVersion = 10.0.40219.1
Project("{FAE04EC0-301F-11D3-BF4B-00C04F79EFBC}") = "BepInEx-Sounds-Loader", "BepInEx-Sounds-Loader.csproj", "{0A623559-3CC1-D768-A613-EE15E0055DE6}"
EndProject
Global
	GlobalSection(SolutionConfigurationPlatforms) = preSolution
		Debug|Any CPU = Debug|Any CPU
		Release|Any CPU = Release|Any CPU
	EndGlobalSection
	GlobalSection(ProjectConfigurationPlatforms) = postSolution
		{0A623559-3CC1-D768-A613-EE15E0055DE6}.Debug|Any CPU.ActiveCfg = Debug|Any CPU
		{0A623559-3CC1-D768-A613-EE15E0055DE6}.Debug|Any CPU.Build.0 = Debug|Any CPU
		{0A623559-3CC1-D768-A613-EE15E0055DE6}.Release|Any CPU.ActiveCfg = Release|Any CPU
		{0A623559-3CC1-D768-A613-EE15E0055DE6}.Release|Any CPU.Build.0 = Release|Any CPU
	EndGlobalSection
	GlobalSection(SolutionProperties) = preSolution
		HideSolutionNode = FALSE
	EndGlobalSection
	GlobalSection(ExtensibilityGlobals) = postSolution
		SolutionGuid = {B9992FF1-5E32-43C9-935E-6FE821DA13A8}
	EndGlobalSection
EndGlobal
